
Microsoft Visual Studio Solution File, Format Version 11.00
# Visual C# Express 2010
Project("{FAE04EC0-301F-11D3-BF4B-00C04F79EFBC}") = "Chapter4", "Chapter4\Chapter4.csproj", "{E5233C3A-2133-4F22-B302-F1EE7AF67390}"
EndProject
Global
	GlobalSection(SolutionConfigurationPlatforms) = preSolution
		Debug|x86 = Debug|x86
		Release|x86 = Release|x86
	EndGlobalSection
	GlobalSection(ProjectConfigurationPlatforms) = postSolution
		{E5233C3A-2133-4F22-B302-F1EE7AF67390}.Debug|x86.ActiveCfg = Debug|x86
		{E5233C3A-2133-4F22-B302-F1EE7AF67390}.Debug|x86.Build.0 = Debug|x86
		{E5233C3A-2133-4F22-B302-F1EE7AF67390}.Release|x86.ActiveCfg = Release|x86
		{E5233C3A-2133-4F22-B302-F1EE7AF67390}.Release|x86.Build.0 = Release|x86
	EndGlobalSection
	GlobalSection(SolutionProperties) = preSolution
		HideSolutionNode = FALSE
	EndGlobalSection
EndGlobal
